# This file was autogenerated by Stack.
# You should not edit this file by hand.
# For more information, please see the documentation at:
#   https://docs.haskellstack.org/en/stable/lock_files

packages:
- completed:
    hackage: aws-lambda-haskell-runtime-4.1.0@sha256:4fbf9855326ed0173c3ef27c006412c8da46f84b0566fa92a44ad0e988432d82,2916
    pantry-tree:
      size: 1453
      sha256: c01167c71d6e25a33b822629d5efc50818589e33e5341ee1bea1bb4e2c59f9c6
  original:
    hackage: aws-lambda-haskell-runtime-4.1.0@sha256:4fbf9855326ed0173c3ef27c006412c8da46f84b0566fa92a44ad0e988432d82,2916
snapshots:
- completed:
    size: 532377
    url: https://raw.githubusercontent.com/commercialhaskell/stackage-snapshots/master/lts/16/12.yaml
    sha256: f914cfa23fef85bdf895e300a8234d9d0edc2dbec67f4bc9c53f85867c50eab6
  original: lts-16.12
